// !$*UTF8*$!
{
	archiveVersion = 1;
	classes = {
	};
	objectVersion = 50;
	objects = {

/* Begin PBXBuildFile section */
		CE99D1B926B9776D0007CDB0 /* AppDelegate.swift in Sources */ = {isa = PBXBuildFile; fileRef = CE99D1B826B9776D0007CDB0 /* AppDelegate.swift */; };
		CE99D1BB26B9776D0007CDB0 /* SceneDelegate.swift in Sources */ = {isa = PBXBuildFile; fileRef = CE99D1BA26B9776D0007CDB0 /* SceneDelegate.swift */; };
		CE99D1BD26B9776D0007CDB0 /* ViewController.swift in Sources */ = {isa = PBXBuildFile; fileRef = CE99D1BC26B9776D0007CDB0 /* ViewController.swift */; };
		CE99D1C026B9776D0007CDB0 /* Main.storyboard in Resources */ = {isa = PBXBuildFile; fileRef = CE99D1BE26B9776D0007CDB0 /* Main.storyboard */; };
		CE99D1C226B9776E0007CDB0 /* Assets.xcassets in Resources */ = {isa = PBXBuildFile; fileRef = CE99D1C126B9776E0007CDB0 /* Assets.xcassets */; };
		CE99D1C526B9776E0007CDB0 /* LaunchScreen.storyboard in Resources */ = {isa = PBXBuildFile; fileRef = CE99D1C326B9776E0007CDB0 /* LaunchScreen.storyboard */; };
/* End PBXBuildFile section */

/* Begin PBXFileReference section */
		CE99D1B526B9776D0007CDB0 /* EfimovEY_HW2.9.app */ = {isa = PBXFileReference; explicitFileType = wrapper.application; includeInIndex = 0; path = EfimovEY_HW2.9.app; sourceTree = BUILT_PRODUCTS_DIR; };
		CE99D1B826B9776D0007CDB0 /* AppDelegate.swift */ = {isa = PBXFileReference; lastKnownFileType = sourcecode.swift; path = AppDelegate.swift; sourceTree = "<group>"; };
		CE99D1BA26B9776D0007CDB0 /* SceneDelegate.swift */ = {isa = PBXFileReference; lastKnownFileType = sourcecode.swift; path = SceneDelegate.swift; sourceTree = "<group>"; };
		CE99D1BC26B9776D0007CDB0 /* ViewController.swift */ = {isa = PBXFileReference; lastKnownFileType = sourcecode.swift; path = ViewController.swift; sourceTree = "<group>"; };
		CE99D1BF26B9776D0007CDB0 /* Base */ = {isa = PBXFileReference; lastKnownFileType = file.storyboard; name = Base; path = Base.lproj/Main.storyboard; sourceTree = "<group>"; };
		CE99D1C126B9776E0007CDB0 /* Assets.xcassets */ = {isa = PBXFileReference; lastKnownFileType = folder.assetcatalog; path = Assets.xcassets; sourceTree = "<group>"; };
		CE99D1C426B9776E0007CDB0 /* Base */ = {isa = PBXFileReference; lastKnownFileType = file.storyboard; name = Base; path = Base.lproj/LaunchScreen.storyboard; sourceTree = "<group>"; };
		CE99D1C626B9776E0007CDB0 /* Info.plist */ = {isa = PBXFileReference; lastKnownFileType = text.plist.xml; path = Info.plist; sourceTree = "<group>"; };
/* End PBXFileReference section */

/* Begin PBXFrameworksBuildPhase section */
		CE99D1B226B9776D0007CDB0 /* Frameworks */ = {
			isa = PBXFrameworksBuildPhase;
			buildActionMask = 2147483647;
			files = (
			);
			runOnlyForDeploymentPostprocessing = 0;
		};
/* End PBXFrameworksBuildPhase section */

/* Begin PBXGroup section */
		CE99D1AC26B9776D0007CDB0 = {
			isa = PBXGroup;
			children = (
				CE99D1B726B9776D0007CDB0 /* EfimovEY_HW2.9 */,
				CE99D1B626B9776D0007CDB0 /* Products */,
			);
			sourceTree = "<group>";
		};
		CE99D1B626B9776D0007CDB0 /* Products */ = {
			isa = PBXGroup;
			children = (
				CE99D1B526B9776D0007CDB0 /* EfimovEY_HW2.9.app */,
			);
			name = Products;
			sourceTree = "<group>";
		};
		CE99D1B726B9776D0007CDB0 /* EfimovEY_HW2.9 */ = {
			isa = PBXGroup;
			children = (
				CE99D1B826B9776D0007CDB0 /* AppDelegate.swift */,
				CE99D1BA26B9776D0007CDB0 /* SceneDelegate.swift */,
				CE99D1BC26B9776D0007CDB0 /* ViewController.swift */,
				CE99D1BE26B9776D0007CDB0 /* Main.storyboard */,
				CE99D1C126B9776E0007CDB0 /* Assets.xcassets */,
				CE99D1C326B9776E0007CDB0 /* LaunchScreen.storyboard */,
				CE99D1C626B9776E0007CDB0 /* Info.plist */,
			);
			path = EfimovEY_HW2.9;
			sourceTree = "<group>";
		};
/* End PBXGroup section */

/* Begin PBXNativeTarget section */
		CE99D1B426B9776D0007CDB0 /* EfimovEY_HW2.9 */ = {
			isa = PBXNativeTarget;
			buildConfigurationList = CE99D1C926B9776E0007CDB0 /* Build configuration list for PBXNativeTarget "EfimovEY_HW2.9" */;
			buildPhases = (
				CE99D1B126B9776D0007CDB0 /* Sources */,
				CE99D1B226B9776D0007CDB0 /* Frameworks */,
				CE99D1B326B9776D0007CDB0 /* Resources */,
			);
			buildRules = (
			);
			dependencies = (
			);
			name = EfimovEY_HW2.9;
			productName = EfimovEY_HW2.9;
			productReference = CE99D1B526B9776D0007CDB0 /* EfimovEY_HW2.9.app */;
			productType = "com.apple.product-type.application";
		};
/* End PBXNativeTarget section */

/* Begin PBXProject section */
		CE99D1AD26B9776D0007CDB0 /* Project object */ = {
			isa = PBXProject;
			attributes = {
				LastSwiftUpdateCheck = 1240;
				LastUpgradeCheck = 1240;
				TargetAttributes = {
					CE99D1B426B9776D0007CDB0 = {
						CreatedOnToolsVersion = 12.4;
					};
				};
			};
			buildConfigurationList = CE99D1B026B9776D0007CDB0 /* Build configuration list for PBXProject "EfimovEY_HW2.9" */;
			compatibilityVersion = "Xcode 9.3";
			developmentRegion = en;
			hasScannedForEncodings = 0;
			knownRegions = (
				en,
				Base,
			);
			mainGroup = CE99D1AC26B9776D0007CDB0;
			productRefGroup = CE99D1B626B9776D0007CDB0 /* Products */;
			projectDirPath = "";
			projectRoot = "";
			targets = (
				CE99D1B426B9776D0007CDB0 /* EfimovEY_HW2.9 */,
			);
		};
/* End PBXProject section */

/* Begin PBXResourcesBuildPhase section */
		CE99D1B326B9776D0007CDB0 /* Resources */ = {
			isa = PBXResourcesBuildPhase;
			buildActionMask = 2147483647;
			files = (
				CE99D1C526B9776E0007CDB0 /* LaunchScreen.storyboard in Resources */,
				CE99D1C226B9776E0007CDB0 /* Assets.xcassets in Resources */,
				CE99D1C026B9776D0007CDB0 /* Main.storyboard in Resources */,
			);
			runOnlyForDeploymentPostprocessing = 0;
		};
/* End PBXResourcesBuildPhase section */

/* Begin PBXSourcesBuildPhase section */
		CE99D1B126B9776D0007CDB0 /* Sources */ = {
			isa = PBXSourcesBuildPhase;
			buildActionMask = 2147483647;
			files = (
				CE99D1BD26B9776D0007CDB0 /* ViewController.swift in Sources */,
				CE99D1B926B9776D0007CDB0 /* AppDelegate.swift in Sources */,
				CE99D1BB26B9776D0007CDB0 /* SceneDelegate.swift in Sources */,
			);
			runOnlyForDeploymentPostprocessing = 0;
		};
/* End PBXSourcesBuildPhase section */

/* Begin PBXVariantGroup section */
		CE99D1BE26B9776D0007CDB0 /* Main.storyboard */ = {
			isa = PBXVariantGroup;
			children = (
				CE99D1BF26B9776D0007CDB0 /* Base */,
			);
			name = Main.storyboard;
			sourceTree = "<group>";
		};
		CE99D1C326B9776E0007CDB0 /* LaunchScreen.storyboard */ = {
			isa = PBXVariantGroup;
			children = (
				CE99D1C426B9776E0007CDB0 /* Base */,
			);
			name = LaunchScreen.storyboard;
			sourceTree = "<group>";
		};
/* End PBXVariantGroup section */

/* Begin XCBuildConfiguration section */
		CE99D1C726B9776E0007CDB0 /* Debug */ = {
			isa = XCBuildConfiguration;
			buildSettings = {
				ALWAYS_SEARCH_USER_PATHS = NO;
				CLANG_ANALYZER_NONNULL = YES;
				CLANG_ANALYZER_NUMBER_OBJECT_CONVERSION = YES_AGGRESSIVE;
				CLANG_CXX_LANGUAGE_STANDARD = "gnu++14";
				CLANG_CXX_LIBRARY = "libc++";
				CLANG_ENABLE_MODULES = YES;
				CLANG_ENABLE_OBJC_ARC = YES;
				CLANG_ENABLE_OBJC_WEAK = YES;
				CLANG_WARN_BLOCK_CAPTURE_AUTORELEASING = YES;
				CLANG_WARN_BOOL_CONVERSION = YES;
				CLANG_WARN_COMMA = YES;
				CLANG_WARN_CONSTANT_CONVERSION = YES;
				CLANG_WARN_DEPRECATED_OBJC_IMPLEMENTATIONS = YES;
				CLANG_WARN_DIRECT_OBJC_ISA_USAGE = YES_ERROR;
				CLANG_WARN_DOCUMENTATION_COMMENTS = YES;
				CLANG_WARN_EMPTY_BODY = YES;
				CLANG_WARN_ENUM_CONVERSION = YES;
				CLANG_WARN_INFINITE_RECURSION = YES;
				CLANG_WARN_INT_CONVERSION = YES;
				CLANG_WARN_NON_LITERAL_NULL_CONVERSION = YES;
				CLANG_WARN_OBJC_IMPLICIT_RETAIN_SELF = YES;
				CLANG_WARN_OBJC_LITERAL_CONVERSION = YES;
				CLANG_WARN_OBJC_ROOT_CLASS = YES_ERROR;
				CLANG_WARN_QUOTED_INCLUDE_IN_FRAMEWORK_HEADER = YES;
				CLANG_WARN_RANGE_LOOP_ANALYSIS = YES;
				CLANG_WARN_STRICT_PROTOTYPES = YES;
				CLANG_WARN_SUSPICIOUS_MOVE = YES;
				CLANG_WARN_UNGUARDED_AVAILABILITY = YES_AGGRESSIVE;
				CLANG_WARN_UNREACHABLE_CODE = YES;
				CLANG_WARN__DUPLICATE_METHOD_MATCH = YES;
				COPY_PHASE_STRIP = NO;
				DEBUG_INFORMATION_FORMAT = dwarf;
				ENABLE_STRICT_OBJC_MSGSEND = YES;
				ENABLE_TESTABILITY = YES;
				GCC_C_LANGUAGE_STANDARD = gnu11;
				GCC_DYNAMIC_NO_PIC = NO;
				GCC_NO_COMMON_BLOCKS = YES;
				GCC_OPTIMIZATION_LEVEL = 0;
				GCC_PREPROCESSOR_DEFINITIONS = (
					"DEBUG=1",
					"$(inherited)",
				);
				GCC_WARN_64_TO_32_BIT_CONVERSION = YES;
				GCC_WARN_ABOUT_RETURN_TYPE = YES_ERROR;
				GCC_WARN_UNDECLARED_SELECTOR = YES;
				GCC_WARN_UNINITIALIZED_AUTOS = YES_AGGRESSIVE;
				GCC_WARN_UNUSED_FUNCTION = YES;
				GCC_WARN_UNUSED_VARIABLE = YES;
				IPHONEOS_DEPLOYMENT_TARGET = 14.4;
				MTL_ENABLE_DEBUG_INFO = INCLUDE_SOURCE;
				MTL_FAST_MATH = YES;
				ONLY_ACTIVE_ARCH = YES;
				SDKROOT = iphoneos;
				SWIFT_ACTIVE_COMPILATION_CONDITIONS = DEBUG;
				SWIFT_OPTIMIZATION_LEVEL = "-Onone";
			};
			name = Debug;
		};
		CE99D1C826B9776E0007CDB0 /* Release */ = {
			isa = XCBuildConfiguration;
			buildSettings = {
				ALWAYS_SEARCH_USER_PATHS = NO;
				CLANG_ANALYZER_NONNULL = YES;
				CLANG_ANALYZER_NUMBER_OBJECT_CONVERSION = YES_AGGRESSIVE;
				CLANG_CXX_LANGUAGE_STANDARD = "gnu++14";
				CLANG_CXX_LIBRARY = "libc++";
				CLANG_ENABLE_MODULES = YES;
				CLANG_ENABLE_OBJC_ARC = YES;
				CLANG_ENABLE_OBJC_WEAK = YES;
				CLANG_WARN_BLOCK_CAPTURE_AUTORELEASING = YES;
				CLANG_WARN_BOOL_CONVERSION = YES;
				CLANG_WARN_COMMA = YES;
				CLANG_WARN_CONSTANT_CONVERSION = YES;
				CLANG_WARN_DEPRECATED_OBJC_IMPLEMENTATIONS = YES;
				CLANG_WARN_DIRECT_OBJC_ISA_USAGE = YES_ERROR;
				CLANG_WARN_DOCUMENTATION_COMMENTS = YES;
				CLANG_WARN_EMPTY_BODY = YES;
				CLANG_WARN_ENUM_CONVERSION = YES;
				CLANG_WARN_INFINITE_RECURSION = YES;
				CLANG_WARN_INT_CONVERSION = YES;
				CLANG_WARN_NON_LITERAL_NULL_CONVERSION = YES;
				CLANG_WARN_OBJC_IMPLICIT_RETAIN_SELF = YES;
				CLANG_WARN_OBJC_LITERAL_CONVERSION = YES;
				CLANG_WARN_OBJC_ROOT_CLASS = YES_ERROR;
				CLANG_WARN_QUOTED_INCLUDE_IN_FRAMEWORK_HEADER = YES;
				CLANG_WARN_RANGE_LOOP_ANALYSIS = YES;
				CLANG_WARN_STRICT_PROTOTYPES = YES;
				CLANG_WARN_SUSPICIOUS_MOVE = YES;
				CLANG_WARN_UNGUARDED_AVAILABILITY = YES_AGGRESSIVE;
				CLANG_WARN_UNREACHABLE_CODE = YES;
				CLANG_WARN__DUPLICATE_METHOD_MATCH = YES;
				COPY_PHASE_STRIP = NO;
				DEBUG_INFORMATION_FORMAT = "dwarf-with-dsym";
				ENABLE_NS_ASSERTIONS = NO;
				ENABLE_STRICT_OBJC_MSGSEND = YES;
				GCC_C_LANGUAGE_STANDARD = gnu11;
				GCC_NO_COMMON_BLOCKS = YES;
				GCC_WARN_64_TO_32_BIT_CONVERSION = YES;
				GCC_WARN_ABOUT_RETURN_TYPE = YES_ERROR;
				GCC_WARN_UNDECLARED_SELECTOR = YES;
				GCC_WARN_UNINITIALIZED_AUTOS = YES_AGGRESSIVE;
				GCC_WARN_UNUSED_FUNCTION = YES;
				GCC_WARN_UNUSED_VARIABLE = YES;
				IPHONEOS_DEPLOYMENT_TARGET = 14.4;
				MTL_ENABLE_DEBUG_INFO = NO;
				MTL_FAST_MATH = YES;
				SDKROOT = iphoneos;
				SWIFT_COMPILATION_MODE = wholemodule;
				SWIFT_OPTIMIZATION_LEVEL = "-O";
				VALIDATE_PRODUCT = YES;
			};
			name = Release;
		};
		CE99D1CA26B9776E0007CDB0 /* Debug */ = {
			isa = XCBuildConfiguration;
			buildSettings = {
				ASSETCATALOG_COMPILER_APPICON_NAME = AppIcon;
				ASSETCATALOG_COMPILER_GLOBAL_ACCENT_COLOR_NAME = AccentColor;
				CODE_SIGN_STYLE = Automatic;
				INFOPLIST_FILE = EfimovEY_HW2.9/Info.plist;
				LD_RUNPATH_SEARCH_PATHS = (
					"$(inherited)",
					"@executable_path/Frameworks",
				);
				PRODUCT_BUNDLE_IDENTIFIER = "EvgeniiEfimov.EfimovEY-HW2-9";
				PRODUCT_NAME = "$(TARGET_NAME)";
				SWIFT_VERSION = 5.0;
				TARGETED_DEVICE_FAMILY = "1,2";
			};
			name = Debug;
		};
		CE99D1CB26B9776E0007CDB0 /* Release */ = {
			isa = XCBuildConfiguration;
			buildSettings = {
				ASSETCATALOG_COMPILER_APPICON_NAME = AppIcon;
				ASSETCATALOG_COMPILER_GLOBAL_ACCENT_COLOR_NAME = AccentColor;
				CODE_SIGN_STYLE = Automatic;
				INFOPLIST_FILE = EfimovEY_HW2.9/Info.plist;
				LD_RUNPATH_SEARCH_PATHS = (
					"$(inherited)",
					"@executable_path/Frameworks",
				);
				PRODUCT_BUNDLE_IDENTIFIER = "EvgeniiEfimov.EfimovEY-HW2-9";
				PRODUCT_NAME = "$(TARGET_NAME)";
				SWIFT_VERSION = 5.0;
				TARGETED_DEVICE_FAMILY = "1,2";
			};
			name = Release;
		};
/* End XCBuildConfiguration section */

/* Begin XCConfigurationList section */
		CE99D1B026B9776D0007CDB0 /* Build configuration list for PBXProject "EfimovEY_HW2.9" */ = {
			isa = XCConfigurationList;
			buildConfigurations = (
				CE99D1C726B9776E0007CDB0 /* Debug */,
				CE99D1C826B9776E0007CDB0 /* Release */,
			);
			defaultConfigurationIsVisible = 0;
			defaultConfigurationName = Release;
		};
		CE99D1C926B9776E0007CDB0 /* Build configuration list for PBXNativeTarget "EfimovEY_HW2.9" */ = {
			isa = XCConfigurationList;
			buildConfigurations = (
				CE99D1CA26B9776E0007CDB0 /* Debug */,
				CE99D1CB26B9776E0007CDB0 /* Release */,
			);
			defaultConfigurationIsVisible = 0;
			defaultConfigurationName = Release;
		};
/* End XCConfigurationList section */
	};
	rootObject = CE99D1AD26B9776D0007CDB0 /* Project object */;
}
